
Microsoft Visual Studio Solution File, Format Version 12.00
# Visual Studio 15
VisualStudioVersion = 15.0.28307.902
MinimumVisualStudioVersion = 10.0.40219.1
Project("{FAE04EC0-301F-11D3-BF4B-00C04F79EFBC}") = "WebApplication1", "WebApplication1\WebApplication1.csproj", "{D3370FEC-26FE-49F7-85AA-7788DD93779B}"
EndProject
Global
	GlobalSection(SolutionConfigurationPlatforms) = preSolution
		Debug|Any CPU = Debug|Any CPU
		Release|Any CPU = Release|Any CPU
	EndGlobalSection
	GlobalSection(ProjectConfigurationPlatforms) = postSolution
		{D3370FEC-26FE-49F7-85AA-7788DD93779B}.Debug|Any CPU.ActiveCfg = Debug|Any CPU
		{D3370FEC-26FE-49F7-85AA-7788DD93779B}.Debug|Any CPU.Build.0 = Debug|Any CPU
		{D3370FEC-26FE-49F7-85AA-7788DD93779B}.Release|Any CPU.ActiveCfg = Release|Any CPU
		{D3370FEC-26FE-49F7-85AA-7788DD93779B}.Release|Any CPU.Build.0 = Release|Any CPU
	EndGlobalSection
	GlobalSection(SolutionProperties) = preSolution
		HideSolutionNode = FALSE
	EndGlobalSection
	GlobalSection(ExtensibilityGlobals) = postSolution
		SolutionGuid = {A43D27DA-62D6-40B9-B8C1-513E485250C8}
	EndGlobalSection
EndGlobal
